
Microsoft Visual Studio Solution File, Format Version 12.00
# Visual Studio Version 16
VisualStudioVersion = 16.0.29102.190
MinimumVisualStudioVersion = 10.0.40219.1
Project("{FAE04EC0-301F-11D3-BF4B-00C04F79EFBC}") = "ForestFireModel", "ForestFireModel\ForestFireModel.csproj", "{39B7F2A2-37C8-489D-AB2D-D484D0E6CF59}"
EndProject
Global
	GlobalSection(SolutionConfigurationPlatforms) = preSolution
		Debug|Any CPU = Debug|Any CPU
		Release|Any CPU = Release|Any CPU
	EndGlobalSection
	GlobalSection(ProjectConfigurationPlatforms) = postSolution
		{39B7F2A2-37C8-489D-AB2D-D484D0E6CF59}.Debug|Any CPU.ActiveCfg = Debug|Any CPU
		{39B7F2A2-37C8-489D-AB2D-D484D0E6CF59}.Debug|Any CPU.Build.0 = Debug|Any CPU
		{39B7F2A2-37C8-489D-AB2D-D484D0E6CF59}.Release|Any CPU.ActiveCfg = Release|Any CPU
		{39B7F2A2-37C8-489D-AB2D-D484D0E6CF59}.Release|Any CPU.Build.0 = Release|Any CPU
	EndGlobalSection
	GlobalSection(SolutionProperties) = preSolution
		HideSolutionNode = FALSE
	EndGlobalSection
	GlobalSection(ExtensibilityGlobals) = postSolution
		SolutionGuid = {559EF3A7-9676-4598-B5CA-DE5F731DADB1}
	EndGlobalSection
EndGlobal
