
Microsoft Visual Studio Solution File, Format Version 12.00
# Visual Studio Version 16
VisualStudioVersion = 16.0.30611.23
MinimumVisualStudioVersion = 10.0.40219.1
Project("{FAE04EC0-301F-11D3-BF4B-00C04F79EFBC}") = "AddressBook", "AddressBook\AddressBook.csproj", "{1D4148A0-65F6-4304-95A0-C9CE7F52EE94}"
EndProject
Global
	GlobalSection(SolutionConfigurationPlatforms) = preSolution
		Debug|Any CPU = Debug|Any CPU
		Release|Any CPU = Release|Any CPU
	EndGlobalSection
	GlobalSection(ProjectConfigurationPlatforms) = postSolution
		{1D4148A0-65F6-4304-95A0-C9CE7F52EE94}.Debug|Any CPU.ActiveCfg = Debug|Any CPU
		{1D4148A0-65F6-4304-95A0-C9CE7F52EE94}.Debug|Any CPU.Build.0 = Debug|Any CPU
		{1D4148A0-65F6-4304-95A0-C9CE7F52EE94}.Release|Any CPU.ActiveCfg = Release|Any CPU
		{1D4148A0-65F6-4304-95A0-C9CE7F52EE94}.Release|Any CPU.Build.0 = Release|Any CPU
	EndGlobalSection
	GlobalSection(SolutionProperties) = preSolution
		HideSolutionNode = FALSE
	EndGlobalSection
	GlobalSection(ExtensibilityGlobals) = postSolution
		SolutionGuid = {83B7D992-8221-4489-84B2-4E601F780AE5}
	EndGlobalSection
EndGlobal
